// !$*UTF8*$!
{
	archiveVersion = 1;
	classes = {
	};
	objectVersion = 56;
	objects = {

/* Begin PBXBuildFile section */
		DE7DACE72A1EF79800B4FC30 /* CWC_MonthlyApp_HydrationApp.swift in Sources */ = {isa = PBXBuildFile; fileRef = DE7DACE62A1EF79800B4FC30 /* CWC_MonthlyApp_HydrationApp.swift */; };
		DE7DACE92A1EF79800B4FC30 /* ContentView.swift in Sources */ = {isa = PBXBuildFile; fileRef = DE7DACE82A1EF79800B4FC30 /* ContentView.swift */; };
		DE7DACEB2A1EF79900B4FC30 /* Assets.xcassets in Resources */ = {isa = PBXBuildFile; fileRef = DE7DACEA2A1EF79900B4FC30 /* Assets.xcassets */; };
		DE7DACEE2A1EF79900B4FC30 /* Preview Assets.xcassets in Resources */ = {isa = PBXBuildFile; fileRef = DE7DACED2A1EF79900B4FC30 /* Preview Assets.xcassets */; };
		DE7DACF62A2836C300B4FC30 /* HealthKitManager.swift in Sources */ = {isa = PBXBuildFile; fileRef = DE7DACF52A2836C300B4FC30 /* HealthKitManager.swift */; };
		DEBC90382A2BBDE100C75CE0 /* HealthKitViewModel.swift in Sources */ = {isa = PBXBuildFile; fileRef = DEBC90372A2BBDE100C75CE0 /* HealthKitViewModel.swift */; };
		DEBC903A2A2C0FB200C75CE0 /* CircularProgressView.swift in Sources */ = {isa = PBXBuildFile; fileRef = DEBC90392A2C0FB200C75CE0 /* CircularProgressView.swift */; };
		DEBC90412A2C194B00C75CE0 /* AuthorizedView.swift in Sources */ = {isa = PBXBuildFile; fileRef = DEBC90402A2C194B00C75CE0 /* AuthorizedView.swift */; };
		DEBC90432A2C195500C75CE0 /* DeniedView.swift in Sources */ = {isa = PBXBuildFile; fileRef = DEBC90422A2C195500C75CE0 /* DeniedView.swift */; };
		DEBC90462A2D632F00C75CE0 /* InfoSheet.swift in Sources */ = {isa = PBXBuildFile; fileRef = DEBC90452A2D632F00C75CE0 /* InfoSheet.swift */; };
		DEBC90482A2D814600C75CE0 /* SettingsSheet.swift in Sources */ = {isa = PBXBuildFile; fileRef = DEBC90472A2D814600C75CE0 /* SettingsSheet.swift */; };
		DEBC904F2A2EDBE300C75CE0 /* WaterCollection.swift in Sources */ = {isa = PBXBuildFile; fileRef = DEBC904E2A2EDBE300C75CE0 /* WaterCollection.swift */; };
/* End PBXBuildFile section */

/* Begin PBXFileReference section */
		DE7DACE32A1EF79800B4FC30 /* CWC MonthlyApp Hydration.app */ = {isa = PBXFileReference; explicitFileType = wrapper.application; includeInIndex = 0; path = "CWC MonthlyApp Hydration.app"; sourceTree = BUILT_PRODUCTS_DIR; };
		DE7DACE62A1EF79800B4FC30 /* CWC_MonthlyApp_HydrationApp.swift */ = {isa = PBXFileReference; lastKnownFileType = sourcecode.swift; path = CWC_MonthlyApp_HydrationApp.swift; sourceTree = "<group>"; };
		DE7DACE82A1EF79800B4FC30 /* ContentView.swift */ = {isa = PBXFileReference; lastKnownFileType = sourcecode.swift; path = ContentView.swift; sourceTree = "<group>"; };
		DE7DACEA2A1EF79900B4FC30 /* Assets.xcassets */ = {isa = PBXFileReference; lastKnownFileType = folder.assetcatalog; path = Assets.xcassets; sourceTree = "<group>"; };
		DE7DACED2A1EF79900B4FC30 /* Preview Assets.xcassets */ = {isa = PBXFileReference; lastKnownFileType = folder.assetcatalog; path = "Preview Assets.xcassets"; sourceTree = "<group>"; };
		DE7DACF42A282D6900B4FC30 /* CWC MonthlyApp Hydration.entitlements */ = {isa = PBXFileReference; lastKnownFileType = text.plist.entitlements; path = "CWC MonthlyApp Hydration.entitlements"; sourceTree = "<group>"; };
		DE7DACF52A2836C300B4FC30 /* HealthKitManager.swift */ = {isa = PBXFileReference; lastKnownFileType = sourcecode.swift; path = HealthKitManager.swift; sourceTree = "<group>"; };
		DEBC90372A2BBDE100C75CE0 /* HealthKitViewModel.swift */ = {isa = PBXFileReference; lastKnownFileType = sourcecode.swift; path = HealthKitViewModel.swift; sourceTree = "<group>"; };
		DEBC90392A2C0FB200C75CE0 /* CircularProgressView.swift */ = {isa = PBXFileReference; lastKnownFileType = sourcecode.swift; path = CircularProgressView.swift; sourceTree = "<group>"; };
		DEBC90402A2C194B00C75CE0 /* AuthorizedView.swift */ = {isa = PBXFileReference; lastKnownFileType = sourcecode.swift; path = AuthorizedView.swift; sourceTree = "<group>"; };
		DEBC90422A2C195500C75CE0 /* DeniedView.swift */ = {isa = PBXFileReference; lastKnownFileType = sourcecode.swift; path = DeniedView.swift; sourceTree = "<group>"; };
		DEBC90452A2D632F00C75CE0 /* InfoSheet.swift */ = {isa = PBXFileReference; lastKnownFileType = sourcecode.swift; path = InfoSheet.swift; sourceTree = "<group>"; };
		DEBC90472A2D814600C75CE0 /* SettingsSheet.swift */ = {isa = PBXFileReference; lastKnownFileType = sourcecode.swift; path = SettingsSheet.swift; sourceTree = "<group>"; };
		DEBC904E2A2EDBE300C75CE0 /* WaterCollection.swift */ = {isa = PBXFileReference; lastKnownFileType = sourcecode.swift; path = WaterCollection.swift; sourceTree = "<group>"; };
/* End PBXFileReference section */

/* Begin PBXFrameworksBuildPhase section */
		DE7DACE02A1EF79800B4FC30 /* Frameworks */ = {
			isa = PBXFrameworksBuildPhase;
			buildActionMask = 2147483647;
			files = (
			);
			runOnlyForDeploymentPostprocessing = 0;
		};
/* End PBXFrameworksBuildPhase section */

/* Begin PBXGroup section */
		DE7DACDA2A1EF79800B4FC30 = {
			isa = PBXGroup;
			children = (
				DE7DACE52A1EF79800B4FC30 /* CWC MonthlyApp Hydration */,
				DE7DACE42A1EF79800B4FC30 /* Products */,
			);
			sourceTree = "<group>";
		};
		DE7DACE42A1EF79800B4FC30 /* Products */ = {
			isa = PBXGroup;
			children = (
				DE7DACE32A1EF79800B4FC30 /* CWC MonthlyApp Hydration.app */,
			);
			name = Products;
			sourceTree = "<group>";
		};
		DE7DACE52A1EF79800B4FC30 /* CWC MonthlyApp Hydration */ = {
			isa = PBXGroup;
			children = (
				DE7DACF42A282D6900B4FC30 /* CWC MonthlyApp Hydration.entitlements */,
				DE7DACE62A1EF79800B4FC30 /* CWC_MonthlyApp_HydrationApp.swift */,
				DEBC903C2A2C0FBF00C75CE0 /* Models */,
				DEBC903B2A2C0FB900C75CE0 /* Views */,
				DEBC903D2A2C0FC600C75CE0 /* ViewModels */,
				DE7DACEA2A1EF79900B4FC30 /* Assets.xcassets */,
				DE7DACEC2A1EF79900B4FC30 /* Preview Content */,
			);
			path = "CWC MonthlyApp Hydration";
			sourceTree = "<group>";
		};
		DE7DACEC2A1EF79900B4FC30 /* Preview Content */ = {
			isa = PBXGroup;
			children = (
				DE7DACED2A1EF79900B4FC30 /* Preview Assets.xcassets */,
			);
			path = "Preview Content";
			sourceTree = "<group>";
		};
		DEBC903B2A2C0FB900C75CE0 /* Views */ = {
			isa = PBXGroup;
			children = (
				DE7DACE82A1EF79800B4FC30 /* ContentView.swift */,
				DEBC903E2A2C193000C75CE0 /* Authorized */,
				DEBC903F2A2C193900C75CE0 /* Denied */,
				DEBC90442A2D631800C75CE0 /* Sheets */,
				DEBC904A2A2ED5C500C75CE0 /* CustomComponents */,
			);
			path = Views;
			sourceTree = "<group>";
		};
		DEBC903C2A2C0FBF00C75CE0 /* Models */ = {
			isa = PBXGroup;
			children = (
				DEBC904E2A2EDBE300C75CE0 /* WaterCollection.swift */,
			);
			path = Models;
			sourceTree = "<group>";
		};
		DEBC903D2A2C0FC600C75CE0 /* ViewModels */ = {
			isa = PBXGroup;
			children = (
				DEBC90372A2BBDE100C75CE0 /* HealthKitViewModel.swift */,
				DE7DACF52A2836C300B4FC30 /* HealthKitManager.swift */,
			);
			path = ViewModels;
			sourceTree = "<group>";
		};
		DEBC903E2A2C193000C75CE0 /* Authorized */ = {
			isa = PBXGroup;
			children = (
				DEBC90402A2C194B00C75CE0 /* AuthorizedView.swift */,
			);
			path = Authorized;
			sourceTree = "<group>";
		};
		DEBC903F2A2C193900C75CE0 /* Denied */ = {
			isa = PBXGroup;
			children = (
				DEBC90422A2C195500C75CE0 /* DeniedView.swift */,
			);
			path = Denied;
			sourceTree = "<group>";
		};
		DEBC90442A2D631800C75CE0 /* Sheets */ = {
			isa = PBXGroup;
			children = (
				DEBC90452A2D632F00C75CE0 /* InfoSheet.swift */,
				DEBC90472A2D814600C75CE0 /* SettingsSheet.swift */,
			);
			path = Sheets;
			sourceTree = "<group>";
		};
		DEBC904A2A2ED5C500C75CE0 /* CustomComponents */ = {
			isa = PBXGroup;
			children = (
				DEBC90392A2C0FB200C75CE0 /* CircularProgressView.swift */,
			);
			path = CustomComponents;
			sourceTree = "<group>";
		};
/* End PBXGroup section */

/* Begin PBXNativeTarget section */
		DE7DACE22A1EF79800B4FC30 /* CWC MonthlyApp Hydration */ = {
			isa = PBXNativeTarget;
			buildConfigurationList = DE7DACF12A1EF79900B4FC30 /* Build configuration list for PBXNativeTarget "CWC MonthlyApp Hydration" */;
			buildPhases = (
				DE7DACDF2A1EF79800B4FC30 /* Sources */,
				DE7DACE02A1EF79800B4FC30 /* Frameworks */,
				DE7DACE12A1EF79800B4FC30 /* Resources */,
			);
			buildRules = (
			);
			dependencies = (
			);
			name = "CWC MonthlyApp Hydration";
			productName = "CWC MonthlyApp Hydration";
			productReference = DE7DACE32A1EF79800B4FC30 /* CWC MonthlyApp Hydration.app */;
			productType = "com.apple.product-type.application";
		};
/* End PBXNativeTarget section */

/* Begin PBXProject section */
		DE7DACDB2A1EF79800B4FC30 /* Project object */ = {
			isa = PBXProject;
			attributes = {
				BuildIndependentTargetsInParallel = 1;
				LastSwiftUpdateCheck = 1430;
				LastUpgradeCheck = 1430;
				TargetAttributes = {
					DE7DACE22A1EF79800B4FC30 = {
						CreatedOnToolsVersion = 14.3;
					};
				};
			};
			buildConfigurationList = DE7DACDE2A1EF79800B4FC30 /* Build configuration list for PBXProject "CWC MonthlyApp Hydration" */;
			compatibilityVersion = "Xcode 14.0";
			developmentRegion = en;
			hasScannedForEncodings = 0;
			knownRegions = (
				en,
				Base,
			);
			mainGroup = DE7DACDA2A1EF79800B4FC30;
			productRefGroup = DE7DACE42A1EF79800B4FC30 /* Products */;
			projectDirPath = "";
			projectRoot = "";
			targets = (
				DE7DACE22A1EF79800B4FC30 /* CWC MonthlyApp Hydration */,
			);
		};
/* End PBXProject section */

/* Begin PBXResourcesBuildPhase section */
		DE7DACE12A1EF79800B4FC30 /* Resources */ = {
			isa = PBXResourcesBuildPhase;
			buildActionMask = 2147483647;
			files = (
				DE7DACEE2A1EF79900B4FC30 /* Preview Assets.xcassets in Resources */,
				DE7DACEB2A1EF79900B4FC30 /* Assets.xcassets in Resources */,
			);
			runOnlyForDeploymentPostprocessing = 0;
		};
/* End PBXResourcesBuildPhase section */

/* Begin PBXSourcesBuildPhase section */
		DE7DACDF2A1EF79800B4FC30 /* Sources */ = {
			isa = PBXSourcesBuildPhase;
			buildActionMask = 2147483647;
			files = (
				DE7DACE92A1EF79800B4FC30 /* ContentView.swift in Sources */,
				DEBC90382A2BBDE100C75CE0 /* HealthKitViewModel.swift in Sources */,
				DEBC90432A2C195500C75CE0 /* DeniedView.swift in Sources */,
				DE7DACE72A1EF79800B4FC30 /* CWC_MonthlyApp_HydrationApp.swift in Sources */,
				DEBC90412A2C194B00C75CE0 /* AuthorizedView.swift in Sources */,
				DEBC903A2A2C0FB200C75CE0 /* CircularProgressView.swift in Sources */,
				DEBC90482A2D814600C75CE0 /* SettingsSheet.swift in Sources */,
				DEBC904F2A2EDBE300C75CE0 /* WaterCollection.swift in Sources */,
				DE7DACF62A2836C300B4FC30 /* HealthKitManager.swift in Sources */,
				DEBC90462A2D632F00C75CE0 /* InfoSheet.swift in Sources */,
			);
			runOnlyForDeploymentPostprocessing = 0;
		};
/* End PBXSourcesBuildPhase section */

/* Begin XCBuildConfiguration section */
		DE7DACEF2A1EF79900B4FC30 /* Debug */ = {
			isa = XCBuildConfiguration;
			buildSettings = {
				ALWAYS_SEARCH_USER_PATHS = NO;
				CLANG_ANALYZER_NONNULL = YES;
				CLANG_ANALYZER_NUMBER_OBJECT_CONVERSION = YES_AGGRESSIVE;
				CLANG_CXX_LANGUAGE_STANDARD = "gnu++20";
				CLANG_ENABLE_MODULES = YES;
				CLANG_ENABLE_OBJC_ARC = YES;
				CLANG_ENABLE_OBJC_WEAK = YES;
				CLANG_WARN_BLOCK_CAPTURE_AUTORELEASING = YES;
				CLANG_WARN_BOOL_CONVERSION = YES;
				CLANG_WARN_COMMA = YES;
				CLANG_WARN_CONSTANT_CONVERSION = YES;
				CLANG_WARN_DEPRECATED_OBJC_IMPLEMENTATIONS = YES;
				CLANG_WARN_DIRECT_OBJC_ISA_USAGE = YES_ERROR;
				CLANG_WARN_DOCUMENTATION_COMMENTS = YES;
				CLANG_WARN_EMPTY_BODY = YES;
				CLANG_WARN_ENUM_CONVERSION = YES;
				CLANG_WARN_INFINITE_RECURSION = YES;
				CLANG_WARN_INT_CONVERSION = YES;
				CLANG_WARN_NON_LITERAL_NULL_CONVERSION = YES;
				CLANG_WARN_OBJC_IMPLICIT_RETAIN_SELF = YES;
				CLANG_WARN_OBJC_LITERAL_CONVERSION = YES;
				CLANG_WARN_OBJC_ROOT_CLASS = YES_ERROR;
				CLANG_WARN_QUOTED_INCLUDE_IN_FRAMEWORK_HEADER = YES;
				CLANG_WARN_RANGE_LOOP_ANALYSIS = YES;
				CLANG_WARN_STRICT_PROTOTYPES = YES;
				CLANG_WARN_SUSPICIOUS_MOVE = YES;
				CLANG_WARN_UNGUARDED_AVAILABILITY = YES_AGGRESSIVE;
				CLANG_WARN_UNREACHABLE_CODE = YES;
				CLANG_WARN__DUPLICATE_METHOD_MATCH = YES;
				COPY_PHASE_STRIP = NO;
				DEBUG_INFORMATION_FORMAT = dwarf;
				ENABLE_STRICT_OBJC_MSGSEND = YES;
				ENABLE_TESTABILITY = YES;
				GCC_C_LANGUAGE_STANDARD = gnu11;
				GCC_DYNAMIC_NO_PIC = NO;
				GCC_NO_COMMON_BLOCKS = YES;
				GCC_OPTIMIZATION_LEVEL = 0;
				GCC_PREPROCESSOR_DEFINITIONS = (
					"DEBUG=1",
					"$(inherited)",
				);
				GCC_WARN_64_TO_32_BIT_CONVERSION = YES;
				GCC_WARN_ABOUT_RETURN_TYPE = YES_ERROR;
				GCC_WARN_UNDECLARED_SELECTOR = YES;
				GCC_WARN_UNINITIALIZED_AUTOS = YES_AGGRESSIVE;
				GCC_WARN_UNUSED_FUNCTION = YES;
				GCC_WARN_UNUSED_VARIABLE = YES;
				IPHONEOS_DEPLOYMENT_TARGET = 16.4;
				MTL_ENABLE_DEBUG_INFO = INCLUDE_SOURCE;
				MTL_FAST_MATH = YES;
				ONLY_ACTIVE_ARCH = YES;
				SDKROOT = iphoneos;
				SWIFT_ACTIVE_COMPILATION_CONDITIONS = DEBUG;
				SWIFT_OPTIMIZATION_LEVEL = "-Onone";
			};
			name = Debug;
		};
		DE7DACF02A1EF79900B4FC30 /* Release */ = {
			isa = XCBuildConfiguration;
			buildSettings = {
				ALWAYS_SEARCH_USER_PATHS = NO;
				CLANG_ANALYZER_NONNULL = YES;
				CLANG_ANALYZER_NUMBER_OBJECT_CONVERSION = YES_AGGRESSIVE;
				CLANG_CXX_LANGUAGE_STANDARD = "gnu++20";
				CLANG_ENABLE_MODULES = YES;
				CLANG_ENABLE_OBJC_ARC = YES;
				CLANG_ENABLE_OBJC_WEAK = YES;
				CLANG_WARN_BLOCK_CAPTURE_AUTORELEASING = YES;
				CLANG_WARN_BOOL_CONVERSION = YES;
				CLANG_WARN_COMMA = YES;
				CLANG_WARN_CONSTANT_CONVERSION = YES;
				CLANG_WARN_DEPRECATED_OBJC_IMPLEMENTATIONS = YES;
				CLANG_WARN_DIRECT_OBJC_ISA_USAGE = YES_ERROR;
				CLANG_WARN_DOCUMENTATION_COMMENTS = YES;
				CLANG_WARN_EMPTY_BODY = YES;
				CLANG_WARN_ENUM_CONVERSION = YES;
				CLANG_WARN_INFINITE_RECURSION = YES;
				CLANG_WARN_INT_CONVERSION = YES;
				CLANG_WARN_NON_LITERAL_NULL_CONVERSION = YES;
				CLANG_WARN_OBJC_IMPLICIT_RETAIN_SELF = YES;
				CLANG_WARN_OBJC_LITERAL_CONVERSION = YES;
				CLANG_WARN_OBJC_ROOT_CLASS = YES_ERROR;
				CLANG_WARN_QUOTED_INCLUDE_IN_FRAMEWORK_HEADER = YES;
				CLANG_WARN_RANGE_LOOP_ANALYSIS = YES;
				CLANG_WARN_STRICT_PROTOTYPES = YES;
				CLANG_WARN_SUSPICIOUS_MOVE = YES;
				CLANG_WARN_UNGUARDED_AVAILABILITY = YES_AGGRESSIVE;
				CLANG_WARN_UNREACHABLE_CODE = YES;
				CLANG_WARN__DUPLICATE_METHOD_MATCH = YES;
				COPY_PHASE_STRIP = NO;
				DEBUG_INFORMATION_FORMAT = "dwarf-with-dsym";
				ENABLE_NS_ASSERTIONS = NO;
				ENABLE_STRICT_OBJC_MSGSEND = YES;
				GCC_C_LANGUAGE_STANDARD = gnu11;
				GCC_NO_COMMON_BLOCKS = YES;
				GCC_WARN_64_TO_32_BIT_CONVERSION = YES;
				GCC_WARN_ABOUT_RETURN_TYPE = YES_ERROR;
				GCC_WARN_UNDECLARED_SELECTOR = YES;
				GCC_WARN_UNINITIALIZED_AUTOS = YES_AGGRESSIVE;
				GCC_WARN_UNUSED_FUNCTION = YES;
				GCC_WARN_UNUSED_VARIABLE = YES;
				IPHONEOS_DEPLOYMENT_TARGET = 16.4;
				MTL_ENABLE_DEBUG_INFO = NO;
				MTL_FAST_MATH = YES;
				SDKROOT = iphoneos;
				SWIFT_COMPILATION_MODE = wholemodule;
				SWIFT_OPTIMIZATION_LEVEL = "-O";
				VALIDATE_PRODUCT = YES;
			};
			name = Release;
		};
		DE7DACF22A1EF79900B4FC30 /* Debug */ = {
			isa = XCBuildConfiguration;
			buildSettings = {
				ASSETCATALOG_COMPILER_APPICON_NAME = AppIcon;
				ASSETCATALOG_COMPILER_GLOBAL_ACCENT_COLOR_NAME = AccentColor;
				CODE_SIGN_ENTITLEMENTS = "CWC MonthlyApp Hydration/CWC MonthlyApp Hydration.entitlements";
				CODE_SIGN_STYLE = Automatic;
				CURRENT_PROJECT_VERSION = 1;
				DEVELOPMENT_ASSET_PATHS = "\"CWC MonthlyApp Hydration/Preview Content\"";
				DEVELOPMENT_TEAM = 8MCC9LTPL7;
				ENABLE_PREVIEWS = YES;
				GENERATE_INFOPLIST_FILE = YES;
				INFOPLIST_KEY_NSHealthShareUsageDescription = "Allow this app to access your Health Data.";
				INFOPLIST_KEY_NSHealthUpdateUsageDescription = "Allow this app to write Health data based on your health history.";
				INFOPLIST_KEY_UIApplicationSceneManifest_Generation = YES;
				INFOPLIST_KEY_UIApplicationSupportsIndirectInputEvents = YES;
				INFOPLIST_KEY_UILaunchScreen_Generation = YES;
				INFOPLIST_KEY_UISupportedInterfaceOrientations_iPad = "UIInterfaceOrientationPortrait UIInterfaceOrientationPortraitUpsideDown UIInterfaceOrientationLandscapeLeft UIInterfaceOrientationLandscapeRight";
				INFOPLIST_KEY_UISupportedInterfaceOrientations_iPhone = "UIInterfaceOrientationPortrait UIInterfaceOrientationLandscapeLeft UIInterfaceOrientationLandscapeRight";
				LD_RUNPATH_SEARCH_PATHS = (
					"$(inherited)",
					"@executable_path/Frameworks",
				);
				MARKETING_VERSION = 1.0;
				PRODUCT_BUNDLE_IDENTIFIER = "com.quevinbambasi.CWC-MonthlyApp-Hydration";
				PRODUCT_NAME = "$(TARGET_NAME)";
				SWIFT_EMIT_LOC_STRINGS = YES;
				SWIFT_VERSION = 5.0;
				TARGETED_DEVICE_FAMILY = "1,2";
			};
			name = Debug;
		};
		DE7DACF32A1EF79900B4FC30 /* Release */ = {
			isa = XCBuildConfiguration;
			buildSettings = {
				ASSETCATALOG_COMPILER_APPICON_NAME = AppIcon;
				ASSETCATALOG_COMPILER_GLOBAL_ACCENT_COLOR_NAME = AccentColor;
				CODE_SIGN_ENTITLEMENTS = "CWC MonthlyApp Hydration/CWC MonthlyApp Hydration.entitlements";
				CODE_SIGN_STYLE = Automatic;
				CURRENT_PROJECT_VERSION = 1;
				DEVELOPMENT_ASSET_PATHS = "\"CWC MonthlyApp Hydration/Preview Content\"";
				DEVELOPMENT_TEAM = 8MCC9LTPL7;
				ENABLE_PREVIEWS = YES;
				GENERATE_INFOPLIST_FILE = YES;
				INFOPLIST_KEY_NSHealthShareUsageDescription = "Allow this app to access your Health Data.";
				INFOPLIST_KEY_NSHealthUpdateUsageDescription = "Allow this app to write Health data based on your health history.";
				INFOPLIST_KEY_UIApplicationSceneManifest_Generation = YES;
				INFOPLIST_KEY_UIApplicationSupportsIndirectInputEvents = YES;
				INFOPLIST_KEY_UILaunchScreen_Generation = YES;
				INFOPLIST_KEY_UISupportedInterfaceOrientations_iPad = "UIInterfaceOrientationPortrait UIInterfaceOrientationPortraitUpsideDown UIInterfaceOrientationLandscapeLeft UIInterfaceOrientationLandscapeRight";
				INFOPLIST_KEY_UISupportedInterfaceOrientations_iPhone = "UIInterfaceOrientationPortrait UIInterfaceOrientationLandscapeLeft UIInterfaceOrientationLandscapeRight";
				LD_RUNPATH_SEARCH_PATHS = (
					"$(inherited)",
					"@executable_path/Frameworks",
				);
				MARKETING_VERSION = 1.0;
				PRODUCT_BUNDLE_IDENTIFIER = "com.quevinbambasi.CWC-MonthlyApp-Hydration";
				PRODUCT_NAME = "$(TARGET_NAME)";
				SWIFT_EMIT_LOC_STRINGS = YES;
				SWIFT_VERSION = 5.0;
				TARGETED_DEVICE_FAMILY = "1,2";
			};
			name = Release;
		};
/* End XCBuildConfiguration section */

/* Begin XCConfigurationList section */
		DE7DACDE2A1EF79800B4FC30 /* Build configuration list for PBXProject "CWC MonthlyApp Hydration" */ = {
			isa = XCConfigurationList;
			buildConfigurations = (
				DE7DACEF2A1EF79900B4FC30 /* Debug */,
				DE7DACF02A1EF79900B4FC30 /* Release */,
			);
			defaultConfigurationIsVisible = 0;
			defaultConfigurationName = Release;
		};
		DE7DACF12A1EF79900B4FC30 /* Build configuration list for PBXNativeTarget "CWC MonthlyApp Hydration" */ = {
			isa = XCConfigurationList;
			buildConfigurations = (
				DE7DACF22A1EF79900B4FC30 /* Debug */,
				DE7DACF32A1EF79900B4FC30 /* Release */,
			);
			defaultConfigurationIsVisible = 0;
			defaultConfigurationName = Release;
		};
/* End XCConfigurationList section */
	};
	rootObject = DE7DACDB2A1EF79800B4FC30 /* Project object */;
}
